PODS:
  - AFNetworking (3.1.0):
    - AFNetworking/NSURLSession (= 3.1.0)
    - AFNetworking/Reachability (= 3.1.0)
    - AFNetworking/Security (= 3.1.0)
    - AFNetworking/Serialization (= 3.1.0)
    - AFNetworking/UIKit (= 3.1.0)
  - AFNetworking/NSURLSession (3.1.0):
    - AFNetworking/Reachability
    - AFNetworking/Security
    - AFNetworking/Serialization
  - AFNetworking/Reachability (3.1.0)
  - AFNetworking/Security (3.1.0)
  - AFNetworking/Serialization (3.1.0)
  - AFNetworking/UIKit (3.1.0):
    - AFNetworking/NSURLSession
  - Bugly (2.5.0)
  - FDFullscreenPopGesture (1.1)
  - IQKeyboardManager (6.3.0)
  - JQExtensions (1.1)
  - JQLoadingStatusView (1.0.2)
  - JQWebView (1.1.0)
  - Masonry (1.1.0)
  - MJExtension (3.0.17)
  - MJRefresh (3.1.17)
  - Reachability (3.1.1)
  - ReactiveObjC (3.0.0)
  - SDWebImage (4.3.3):
    - SDWebImage/Core (= 4.3.3)
  - SDWebImage/Core (4.3.3)
  - SVProgressHUD (2.0.4)
  - TZImagePickerController (3.2.0)
  - ZYBannerView (1.1.4)

DEPENDENCIES:
  - AFNetworking (~> 3.1.0)
  - Bugly
  - FDFullscreenPopGesture (~> 1.1)
  - IQKeyboardManager
  - JQExtensions (~> 1.1)
  - JQLoadingStatusView (~> 1.0.2)
  - JQWebView (~> 1.1.0)
  - Masonry
  - MJExtension (~> 3.0.10)
  - MJRefresh (~> 3.1.9)
  - Reachability (~> 3.1.1)
  - ReactiveObjC (~> 3.0.0)
  - SDWebImage (~> 4.3.1)
  - SVProgressHUD (~> 2.0.3)
  - TZImagePickerController
  - ZYBannerView (~> 1.1.3)

SPEC REPOS:
  https://github.com/CocoaPods/Specs.git:
    - AFNetworking
    - Bugly
    - FDFullscreenPopGesture
    - IQKeyboardManager
    - JQLoadingStatusView
    - Masonry
    - MJExtension
    - MJRefresh
    - Reachability
    - ReactiveObjC
    - SDWebImage
    - SVProgressHUD
    - TZImagePickerController
    - ZYBannerView
  trunk:
    - JQExtensions
    - JQWebView

SPEC CHECKSUMS:
  AFNetworking: 5e0e199f73d8626b11e79750991f5d173d1f8b67
  Bugly: 3ca9f255c01025582df26f9222893b383c7e4b4e
  FDFullscreenPopGesture: a8a620179e3d9c40e8e00256dcee1c1a27c6d0f0
  IQKeyboardManager: 2ca9d64893247556f53523dcd8d78641f0ba7c23
  JQExtensions: a97eccdc0d5d716f32ed01883b84d4bbcdb93afe
  JQLoadingStatusView: 2a5bfefd1136f849ab83e312e9af9e89e450bcee
  JQWebView: 0c156c1805dd100306eb3346e0b92968545b7807
  Masonry: 678fab65091a9290e40e2832a55e7ab731aad201
  MJExtension: 74ec83124a68891619fb7ba9c5c811bbf1691076
  MJRefresh: ee5b68f639775462faba4db0fd243baf4d42c2cf
  Reachability: dd9aa4fb6667b9f787690a74f53cb7634ce99893
  ReactiveObjC: ce79989e8684b9086b5f8d0c74bc7b81a8729c9e
  SDWebImage: de4d90b5bff3571eae7bd16202b1f43135409fa5
  SVProgressHUD: bfde85ed6c573ea802b9cb37894ed9b629034f1b
  TZImagePickerController: 7850b158d025065b162a1a963d445040b828abc9
  ZYBannerView: 477bcb8c38bb0b2a45bae014f9e4fa8357809023

PODFILE CHECKSUM: c12c726890179edd4134e69b084730a2c5afab03

COCOAPODS: 1.8.4
